
Microsoft Visual Studio Solution File, Format Version 12.00
# Visual Studio Version 17
VisualStudioVersion = 17.13.35825.156
MinimumVisualStudioVersion = 10.0.40219.1
Project("{8BC9CEB8-8B4A-11D0-8D11-00A0C91BC942}") = "Lesson_6", "Lesson_6\Lesson_6.vcxproj", "{00FF6731-C041-4410-A958-1C05C140E715}"
EndProject
Project("{8BC9CEB8-8B4A-11D0-8D11-00A0C91BC942}") = "Lesson_6.1", "Lesson_6.1\Lesson_6.1.vcxproj", "{4B962B23-53DF-403B-9C5C-05868617BB4E}"
EndProject
Project("{8BC9CEB8-8B4A-11D0-8D11-00A0C91BC942}") = "Lesson_6.2", "Lesson_6.2\Lesson_6.2.vcxproj", "{50F973D3-097B-44DE-9A8E-6C1D2FC38A77}"
EndProject
Global
	GlobalSection(SolutionConfigurationPlatforms) = preSolution
		Debug|x64 = Debug|x64
		Debug|x86 = Debug|x86
		Release|x64 = Release|x64
		Release|x86 = Release|x86
	EndGlobalSection
	GlobalSection(ProjectConfigurationPlatforms) = postSolution
		{00FF6731-C041-4410-A958-1C05C140E715}.Debug|x64.ActiveCfg = Debug|x64
		{00FF6731-C041-4410-A958-1C05C140E715}.Debug|x64.Build.0 = Debug|x64
		{00FF6731-C041-4410-A958-1C05C140E715}.Debug|x86.ActiveCfg = Debug|Win32
		{00FF6731-C041-4410-A958-1C05C140E715}.Debug|x86.Build.0 = Debug|Win32
		{00FF6731-C041-4410-A958-1C05C140E715}.Release|x64.ActiveCfg = Release|x64
		{00FF6731-C041-4410-A958-1C05C140E715}.Release|x64.Build.0 = Release|x64
		{00FF6731-C041-4410-A958-1C05C140E715}.Release|x86.ActiveCfg = Release|Win32
		{00FF6731-C041-4410-A958-1C05C140E715}.Release|x86.Build.0 = Release|Win32
		{4B962B23-53DF-403B-9C5C-05868617BB4E}.Debug|x64.ActiveCfg = Debug|x64
		{4B962B23-53DF-403B-9C5C-05868617BB4E}.Debug|x64.Build.0 = Debug|x64
		{4B962B23-53DF-403B-9C5C-05868617BB4E}.Debug|x86.ActiveCfg = Debug|Win32
		{4B962B23-53DF-403B-9C5C-05868617BB4E}.Debug|x86.Build.0 = Debug|Win32
		{4B962B23-53DF-403B-9C5C-05868617BB4E}.Release|x64.ActiveCfg = Release|x64
		{4B962B23-53DF-403B-9C5C-05868617BB4E}.Release|x64.Build.0 = Release|x64
		{4B962B23-53DF-403B-9C5C-05868617BB4E}.Release|x86.ActiveCfg = Release|Win32
		{4B962B23-53DF-403B-9C5C-05868617BB4E}.Release|x86.Build.0 = Release|Win32
		{50F973D3-097B-44DE-9A8E-6C1D2FC38A77}.Debug|x64.ActiveCfg = Debug|x64
		{50F973D3-097B-44DE-9A8E-6C1D2FC38A77}.Debug|x64.Build.0 = Debug|x64
		{50F973D3-097B-44DE-9A8E-6C1D2FC38A77}.Debug|x86.ActiveCfg = Debug|Win32
		{50F973D3-097B-44DE-9A8E-6C1D2FC38A77}.Debug|x86.Build.0 = Debug|Win32
		{50F973D3-097B-44DE-9A8E-6C1D2FC38A77}.Release|x64.ActiveCfg = Release|x64
		{50F973D3-097B-44DE-9A8E-6C1D2FC38A77}.Release|x64.Build.0 = Release|x64
		{50F973D3-097B-44DE-9A8E-6C1D2FC38A77}.Release|x86.ActiveCfg = Release|Win32
		{50F973D3-097B-44DE-9A8E-6C1D2FC38A77}.Release|x86.Build.0 = Release|Win32
	EndGlobalSection
	GlobalSection(SolutionProperties) = preSolution
		HideSolutionNode = FALSE
	EndGlobalSection
	GlobalSection(ExtensibilityGlobals) = postSolution
		SolutionGuid = {94A53F31-E4A2-43A0-BE57-24E1A98E05D9}
	EndGlobalSection
EndGlobal
